
Microsoft Visual Studio Solution File, Format Version 12.00
# Visual Studio Version 17
Project("{2150E333-8FDC-42A3-9474-1A3956D46DE8}") = "CMakePredefinedTargets", "CMakePredefinedTargets", "{15F5629B-DA09-3AC7-A016-957D17AB2A98}"
EndProject
Project("{2150E333-8FDC-42A3-9474-1A3956D46DE8}") = "GLFW3", "GLFW3", "{CE0A38F6-B4C7-3CE1-B670-19974C15B4C3}"
EndProject
Project("{2150E333-8FDC-42A3-9474-1A3956D46DE8}") = "Examples", "GLFW3\Examples", "{21CD8837-D9ED-3438-B138-3C60E6494607}"
EndProject
Project("{2150E333-8FDC-42A3-9474-1A3956D46DE8}") = "Tests", "GLFW3\Tests", "{04D562D3-0C72-3A1E-B2AD-5226B0DA9C94}"
EndProject
Project("{8BC9CEB8-8B4A-11D0-8D11-00A0C91BC942}") = "ALL_BUILD", "ALL_BUILD.vcxproj", "{807B910A-9BA0-3AC3-9D0F-73E67C15FB72}"
	ProjectSection(ProjectDependencies) = postProject
		{5E1C7C6E-CE3B-356B-82B2-523290B58988} = {5E1C7C6E-CE3B-356B-82B2-523290B58988}
		{3F88EB9C-C50B-3244-90C3-FC0C8FC63DFC} = {3F88EB9C-C50B-3244-90C3-FC0C8FC63DFC}
		{FB9CD958-4247-364C-AF86-CA1ABBB96188} = {FB9CD958-4247-364C-AF86-CA1ABBB96188}
		{8B7FBACF-9476-359F-BAB3-97F92B42B600} = {8B7FBACF-9476-359F-BAB3-97F92B42B600}
		{D5E99CC6-D83A-332F-AB29-8F23507B3C84} = {D5E99CC6-D83A-332F-AB29-8F23507B3C84}
		{8AECF21B-226C-3661-8327-F1CCF7F8BF83} = {8AECF21B-226C-3661-8327-F1CCF7F8BF83}
		{D04508BB-1843-31D4-874C-120594988E7E} = {D04508BB-1843-31D4-874C-120594988E7E}
		{A2CB453F-057C-3C34-B2F3-4E9729A29BBF} = {A2CB453F-057C-3C34-B2F3-4E9729A29BBF}
		{4CEEB2E6-F0BB-3F4C-AE52-B5C46F57C5EC} = {4CEEB2E6-F0BB-3F4C-AE52-B5C46F57C5EC}
		{30339B37-35E6-3EDC-9E10-B4B31CCB4293} = {30339B37-35E6-3EDC-9E10-B4B31CCB4293}
		{DB41D195-5A9E-33CA-B560-6F705A9780ED} = {DB41D195-5A9E-33CA-B560-6F705A9780ED}
		{BD8E418E-7E2B-374C-AD82-0350D13224E9} = {BD8E418E-7E2B-374C-AD82-0350D13224E9}
		{F59C1EA8-CF78-3BC4-B937-96079812174F} = {F59C1EA8-CF78-3BC4-B937-96079812174F}
		{65CFD5B5-5C05-3E71-BC6C-5FA336CB2030} = {65CFD5B5-5C05-3E71-BC6C-5FA336CB2030}
		{E49192ED-88A2-3E43-B93A-2F359674D613} = {E49192ED-88A2-3E43-B93A-2F359674D613}
		{99546AAB-4A6E-35F5-8FA6-B91B6383AB4C} = {99546AAB-4A6E-35F5-8FA6-B91B6383AB4C}
		{C87122D0-8270-322E-B989-414141FD16B7} = {C87122D0-8270-322E-B989-414141FD16B7}
		{A5366B49-BF62-3A8D-BE5F-D60BF8F9DAE2} = {A5366B49-BF62-3A8D-BE5F-D60BF8F9DAE2}
		{593A7C7B-BA78-3F69-8774-E3467E904057} = {593A7C7B-BA78-3F69-8774-E3467E904057}
		{EF8DEDBD-FDBC-3F6A-AA82-A45F95B62A9E} = {EF8DEDBD-FDBC-3F6A-AA82-A45F95B62A9E}
		{A8FB6BD3-6CCE-3C2A-B9DE-CEE3D838E0AA} = {A8FB6BD3-6CCE-3C2A-B9DE-CEE3D838E0AA}
		{136C201B-8C21-3F55-93CE-333E1B6FCF06} = {136C201B-8C21-3F55-93CE-333E1B6FCF06}
		{B84FAEC2-79DC-3ABE-A5E8-C4A6C35A40E1} = {B84FAEC2-79DC-3ABE-A5E8-C4A6C35A40E1}
		{F97F332C-AF1A-3173-8BF5-8B89804BC4F7} = {F97F332C-AF1A-3173-8BF5-8B89804BC4F7}
		{25B22A71-F3A6-3936-8E61-D52FA1722C97} = {25B22A71-F3A6-3936-8E61-D52FA1722C97}
		{5EA47ADC-A00B-38C9-A241-1F60EC654F88} = {5EA47ADC-A00B-38C9-A241-1F60EC654F88}
		{4EB5BA34-0C43-31CA-9369-E3DD683485CA} = {4EB5BA34-0C43-31CA-9369-E3DD683485CA}
		{1D152612-985C-33DA-9CB7-EC85E073D254} = {1D152612-985C-33DA-9CB7-EC85E073D254}
		{E34D7F07-6269-3A03-BAE6-A43015E0B7DB} = {E34D7F07-6269-3A03-BAE6-A43015E0B7DB}
		{D993B84F-AD9D-37F1-BBDA-15CA61AE79DD} = {D993B84F-AD9D-37F1-BBDA-15CA61AE79DD}
		{B3F8F00C-67B2-35BD-8384-3C174CE7D92C} = {B3F8F00C-67B2-35BD-8384-3C174CE7D92C}
		{8753B9E1-ACD8-3D13-80C2-745C20E6EC76} = {8753B9E1-ACD8-3D13-80C2-745C20E6EC76}
		{A60D9EB3-2AC1-38FC-8072-3846D0992A31} = {A60D9EB3-2AC1-38FC-8072-3846D0992A31}
	EndProjectSection
EndProject
Project("{8BC9CEB8-8B4A-11D0-8D11-00A0C91BC942}") = "INSTALL", "INSTALL.vcxproj", "{14BBDF77-BF4B-3B37-858F-76BA2F0E7F2C}"
	ProjectSection(ProjectDependencies) = postProject
		{807B910A-9BA0-3AC3-9D0F-73E67C15FB72} = {807B910A-9BA0-3AC3-9D0F-73E67C15FB72}
		{5E1C7C6E-CE3B-356B-82B2-523290B58988} = {5E1C7C6E-CE3B-356B-82B2-523290B58988}
	EndProjectSection
EndProject
Project("{8BC9CEB8-8B4A-11D0-8D11-00A0C91BC942}") = "ZERO_CHECK", "ZERO_CHECK.vcxproj", "{5E1C7C6E-CE3B-356B-82B2-523290B58988}"
	ProjectSection(ProjectDependencies) = postProject
	EndProjectSection
EndProject
Project("{8BC9CEB8-8B4A-11D0-8D11-00A0C91BC942}") = "allocator", "tests\allocator.vcxproj", "{3F88EB9C-C50B-3244-90C3-FC0C8FC63DFC}"
	ProjectSection(ProjectDependencies) = postProject
		{5E1C7C6E-CE3B-356B-82B2-523290B58988} = {5E1C7C6E-CE3B-356B-82B2-523290B58988}
		{30339B37-35E6-3EDC-9E10-B4B31CCB4293} = {30339B37-35E6-3EDC-9E10-B4B31CCB4293}
	EndProjectSection
EndProject
Project("{8BC9CEB8-8B4A-11D0-8D11-00A0C91BC942}") = "boing", "examples\boing.vcxproj", "{FB9CD958-4247-364C-AF86-CA1ABBB96188}"
	ProjectSection(ProjectDependencies) = postProject
		{5E1C7C6E-CE3B-356B-82B2-523290B58988} = {5E1C7C6E-CE3B-356B-82B2-523290B58988}
		{30339B37-35E6-3EDC-9E10-B4B31CCB4293} = {30339B37-35E6-3EDC-9E10-B4B31CCB4293}
	EndProjectSection
EndProject
Project("{8BC9CEB8-8B4A-11D0-8D11-00A0C91BC942}") = "clipboard", "tests\clipboard.vcxproj", "{8B7FBACF-9476-359F-BAB3-97F92B42B600}"
	ProjectSection(ProjectDependencies) = postProject
		{5E1C7C6E-CE3B-356B-82B2-523290B58988} = {5E1C7C6E-CE3B-356B-82B2-523290B58988}
		{30339B37-35E6-3EDC-9E10-B4B31CCB4293} = {30339B37-35E6-3EDC-9E10-B4B31CCB4293}
	EndProjectSection
EndProject
Project("{8BC9CEB8-8B4A-11D0-8D11-00A0C91BC942}") = "cursor", "tests\cursor.vcxproj", "{D5E99CC6-D83A-332F-AB29-8F23507B3C84}"
	ProjectSection(ProjectDependencies) = postProject
		{5E1C7C6E-CE3B-356B-82B2-523290B58988} = {5E1C7C6E-CE3B-356B-82B2-523290B58988}
		{30339B37-35E6-3EDC-9E10-B4B31CCB4293} = {30339B37-35E6-3EDC-9E10-B4B31CCB4293}
	EndProjectSection
EndProject
Project("{8BC9CEB8-8B4A-11D0-8D11-00A0C91BC942}") = "empty", "tests\empty.vcxproj", "{8AECF21B-226C-3661-8327-F1CCF7F8BF83}"
	ProjectSection(ProjectDependencies) = postProject
		{5E1C7C6E-CE3B-356B-82B2-523290B58988} = {5E1C7C6E-CE3B-356B-82B2-523290B58988}
		{30339B37-35E6-3EDC-9E10-B4B31CCB4293} = {30339B37-35E6-3EDC-9E10-B4B31CCB4293}
	EndProjectSection
EndProject
Project("{8BC9CEB8-8B4A-11D0-8D11-00A0C91BC942}") = "events", "tests\events.vcxproj", "{D04508BB-1843-31D4-874C-120594988E7E}"
	ProjectSection(ProjectDependencies) = postProject
		{5E1C7C6E-CE3B-356B-82B2-523290B58988} = {5E1C7C6E-CE3B-356B-82B2-523290B58988}
		{30339B37-35E6-3EDC-9E10-B4B31CCB4293} = {30339B37-35E6-3EDC-9E10-B4B31CCB4293}
	EndProjectSection
EndProject
Project("{8BC9CEB8-8B4A-11D0-8D11-00A0C91BC942}") = "gamma", "tests\gamma.vcxproj", "{A2CB453F-057C-3C34-B2F3-4E9729A29BBF}"
	ProjectSection(ProjectDependencies) = postProject
		{5E1C7C6E-CE3B-356B-82B2-523290B58988} = {5E1C7C6E-CE3B-356B-82B2-523290B58988}
		{30339B37-35E6-3EDC-9E10-B4B31CCB4293} = {30339B37-35E6-3EDC-9E10-B4B31CCB4293}
	EndProjectSection
EndProject
Project("{8BC9CEB8-8B4A-11D0-8D11-00A0C91BC942}") = "gears", "examples\gears.vcxproj", "{4CEEB2E6-F0BB-3F4C-AE52-B5C46F57C5EC}"
	ProjectSection(ProjectDependencies) = postProject
		{5E1C7C6E-CE3B-356B-82B2-523290B58988} = {5E1C7C6E-CE3B-356B-82B2-523290B58988}
		{30339B37-35E6-3EDC-9E10-B4B31CCB4293} = {30339B37-35E6-3EDC-9E10-B4B31CCB4293}
	EndProjectSection
EndProject
Project("{8BC9CEB8-8B4A-11D0-8D11-00A0C91BC942}") = "glfw", "src\glfw.vcxproj", "{30339B37-35E6-3EDC-9E10-B4B31CCB4293}"
	ProjectSection(ProjectDependencies) = postProject
		{5E1C7C6E-CE3B-356B-82B2-523290B58988} = {5E1C7C6E-CE3B-356B-82B2-523290B58988}
	EndProjectSection
EndProject
Project("{8BC9CEB8-8B4A-11D0-8D11-00A0C91BC942}") = "glfwinfo", "tests\glfwinfo.vcxproj", "{DB41D195-5A9E-33CA-B560-6F705A9780ED}"
	ProjectSection(ProjectDependencies) = postProject
		{5E1C7C6E-CE3B-356B-82B2-523290B58988} = {5E1C7C6E-CE3B-356B-82B2-523290B58988}
		{30339B37-35E6-3EDC-9E10-B4B31CCB4293} = {30339B37-35E6-3EDC-9E10-B4B31CCB4293}
	EndProjectSection
EndProject
Project("{8BC9CEB8-8B4A-11D0-8D11-00A0C91BC942}") = "heightmap", "examples\heightmap.vcxproj", "{BD8E418E-7E2B-374C-AD82-0350D13224E9}"
	ProjectSection(ProjectDependencies) = postProject
		{5E1C7C6E-CE3B-356B-82B2-523290B58988} = {5E1C7C6E-CE3B-356B-82B2-523290B58988}
		{30339B37-35E6-3EDC-9E10-B4B31CCB4293} = {30339B37-35E6-3EDC-9E10-B4B31CCB4293}
	EndProjectSection
EndProject
Project("{8BC9CEB8-8B4A-11D0-8D11-00A0C91BC942}") = "icon", "tests\icon.vcxproj", "{F59C1EA8-CF78-3BC4-B937-96079812174F}"
	ProjectSection(ProjectDependencies) = postProject
		{5E1C7C6E-CE3B-356B-82B2-523290B58988} = {5E1C7C6E-CE3B-356B-82B2-523290B58988}
		{30339B37-35E6-3EDC-9E10-B4B31CCB4293} = {30339B37-35E6-3EDC-9E10-B4B31CCB4293}
	EndProjectSection
EndProject
Project("{8BC9CEB8-8B4A-11D0-8D11-00A0C91BC942}") = "iconify", "tests\iconify.vcxproj", "{65CFD5B5-5C05-3E71-BC6C-5FA336CB2030}"
	ProjectSection(ProjectDependencies) = postProject
		{5E1C7C6E-CE3B-356B-82B2-523290B58988} = {5E1C7C6E-CE3B-356B-82B2-523290B58988}
		{30339B37-35E6-3EDC-9E10-B4B31CCB4293} = {30339B37-35E6-3EDC-9E10-B4B31CCB4293}
	EndProjectSection
EndProject
Project("{8BC9CEB8-8B4A-11D0-8D11-00A0C91BC942}") = "inputlag", "tests\inputlag.vcxproj", "{E49192ED-88A2-3E43-B93A-2F359674D613}"
	ProjectSection(ProjectDependencies) = postProject
		{5E1C7C6E-CE3B-356B-82B2-523290B58988} = {5E1C7C6E-CE3B-356B-82B2-523290B58988}
		{30339B37-35E6-3EDC-9E10-B4B31CCB4293} = {30339B37-35E6-3EDC-9E10-B4B31CCB4293}
	EndProjectSection
EndProject
Project("{8BC9CEB8-8B4A-11D0-8D11-00A0C91BC942}") = "joysticks", "tests\joysticks.vcxproj", "{99546AAB-4A6E-35F5-8FA6-B91B6383AB4C}"
	ProjectSection(ProjectDependencies) = postProject
		{5E1C7C6E-CE3B-356B-82B2-523290B58988} = {5E1C7C6E-CE3B-356B-82B2-523290B58988}
		{30339B37-35E6-3EDC-9E10-B4B31CCB4293} = {30339B37-35E6-3EDC-9E10-B4B31CCB4293}
	EndProjectSection
EndProject
Project("{8BC9CEB8-8B4A-11D0-8D11-00A0C91BC942}") = "monitors", "tests\monitors.vcxproj", "{C87122D0-8270-322E-B989-414141FD16B7}"
	ProjectSection(ProjectDependencies) = postProject
		{5E1C7C6E-CE3B-356B-82B2-523290B58988} = {5E1C7C6E-CE3B-356B-82B2-523290B58988}
		{30339B37-35E6-3EDC-9E10-B4B31CCB4293} = {30339B37-35E6-3EDC-9E10-B4B31CCB4293}
	EndProjectSection
EndProject
Project("{8BC9CEB8-8B4A-11D0-8D11-00A0C91BC942}") = "msaa", "tests\msaa.vcxproj", "{A5366B49-BF62-3A8D-BE5F-D60BF8F9DAE2}"
	ProjectSection(ProjectDependencies) = postProject
		{5E1C7C6E-CE3B-356B-82B2-523290B58988} = {5E1C7C6E-CE3B-356B-82B2-523290B58988}
		{30339B37-35E6-3EDC-9E10-B4B31CCB4293} = {30339B37-35E6-3EDC-9E10-B4B31CCB4293}
	EndProjectSection
EndProject
Project("{8BC9CEB8-8B4A-11D0-8D11-00A0C91BC942}") = "offscreen", "examples\offscreen.vcxproj", "{593A7C7B-BA78-3F69-8774-E3467E904057}"
	ProjectSection(ProjectDependencies) = postProject
		{5E1C7C6E-CE3B-356B-82B2-523290B58988} = {5E1C7C6E-CE3B-356B-82B2-523290B58988}
		{30339B37-35E6-3EDC-9E10-B4B31CCB4293} = {30339B37-35E6-3EDC-9E10-B4B31CCB4293}
	EndProjectSection
EndProject
Project("{8BC9CEB8-8B4A-11D0-8D11-00A0C91BC942}") = "particles", "examples\particles.vcxproj", "{EF8DEDBD-FDBC-3F6A-AA82-A45F95B62A9E}"
	ProjectSection(ProjectDependencies) = postProject
		{5E1C7C6E-CE3B-356B-82B2-523290B58988} = {5E1C7C6E-CE3B-356B-82B2-523290B58988}
		{30339B37-35E6-3EDC-9E10-B4B31CCB4293} = {30339B37-35E6-3EDC-9E10-B4B31CCB4293}
	EndProjectSection
EndProject
Project("{8BC9CEB8-8B4A-11D0-8D11-00A0C91BC942}") = "reopen", "tests\reopen.vcxproj", "{A8FB6BD3-6CCE-3C2A-B9DE-CEE3D838E0AA}"
	ProjectSection(ProjectDependencies) = postProject
		{5E1C7C6E-CE3B-356B-82B2-523290B58988} = {5E1C7C6E-CE3B-356B-82B2-523290B58988}
		{30339B37-35E6-3EDC-9E10-B4B31CCB4293} = {30339B37-35E6-3EDC-9E10-B4B31CCB4293}
	EndProjectSection
EndProject
Project("{8BC9CEB8-8B4A-11D0-8D11-00A0C91BC942}") = "sharing", "examples\sharing.vcxproj", "{136C201B-8C21-3F55-93CE-333E1B6FCF06}"
	ProjectSection(ProjectDependencies) = postProject
		{5E1C7C6E-CE3B-356B-82B2-523290B58988} = {5E1C7C6E-CE3B-356B-82B2-523290B58988}
		{30339B37-35E6-3EDC-9E10-B4B31CCB4293} = {30339B37-35E6-3EDC-9E10-B4B31CCB4293}
	EndProjectSection
EndProject
Project("{8BC9CEB8-8B4A-11D0-8D11-00A0C91BC942}") = "splitview", "examples\splitview.vcxproj", "{B84FAEC2-79DC-3ABE-A5E8-C4A6C35A40E1}"
	ProjectSection(ProjectDependencies) = postProject
		{5E1C7C6E-CE3B-356B-82B2-523290B58988} = {5E1C7C6E-CE3B-356B-82B2-523290B58988}
		{30339B37-35E6-3EDC-9E10-B4B31CCB4293} = {30339B37-35E6-3EDC-9E10-B4B31CCB4293}
	EndProjectSection
EndProject
Project("{8BC9CEB8-8B4A-11D0-8D11-00A0C91BC942}") = "tearing", "tests\tearing.vcxproj", "{F97F332C-AF1A-3173-8BF5-8B89804BC4F7}"
	ProjectSection(ProjectDependencies) = postProject
		{5E1C7C6E-CE3B-356B-82B2-523290B58988} = {5E1C7C6E-CE3B-356B-82B2-523290B58988}
		{30339B37-35E6-3EDC-9E10-B4B31CCB4293} = {30339B37-35E6-3EDC-9E10-B4B31CCB4293}
	EndProjectSection
EndProject
Project("{8BC9CEB8-8B4A-11D0-8D11-00A0C91BC942}") = "threads", "tests\threads.vcxproj", "{25B22A71-F3A6-3936-8E61-D52FA1722C97}"
	ProjectSection(ProjectDependencies) = postProject
		{5E1C7C6E-CE3B-356B-82B2-523290B58988} = {5E1C7C6E-CE3B-356B-82B2-523290B58988}
		{30339B37-35E6-3EDC-9E10-B4B31CCB4293} = {30339B37-35E6-3EDC-9E10-B4B31CCB4293}
	EndProjectSection
EndProject
Project("{8BC9CEB8-8B4A-11D0-8D11-00A0C91BC942}") = "timeout", "tests\timeout.vcxproj", "{5EA47ADC-A00B-38C9-A241-1F60EC654F88}"
	ProjectSection(ProjectDependencies) = postProject
		{5E1C7C6E-CE3B-356B-82B2-523290B58988} = {5E1C7C6E-CE3B-356B-82B2-523290B58988}
		{30339B37-35E6-3EDC-9E10-B4B31CCB4293} = {30339B37-35E6-3EDC-9E10-B4B31CCB4293}
	EndProjectSection
EndProject
Project("{8BC9CEB8-8B4A-11D0-8D11-00A0C91BC942}") = "title", "tests\title.vcxproj", "{4EB5BA34-0C43-31CA-9369-E3DD683485CA}"
	ProjectSection(ProjectDependencies) = postProject
		{5E1C7C6E-CE3B-356B-82B2-523290B58988} = {5E1C7C6E-CE3B-356B-82B2-523290B58988}
		{30339B37-35E6-3EDC-9E10-B4B31CCB4293} = {30339B37-35E6-3EDC-9E10-B4B31CCB4293}
	EndProjectSection
EndProject
Project("{8BC9CEB8-8B4A-11D0-8D11-00A0C91BC942}") = "triangle-opengl", "examples\triangle-opengl.vcxproj", "{1D152612-985C-33DA-9CB7-EC85E073D254}"
	ProjectSection(ProjectDependencies) = postProject
		{5E1C7C6E-CE3B-356B-82B2-523290B58988} = {5E1C7C6E-CE3B-356B-82B2-523290B58988}
		{30339B37-35E6-3EDC-9E10-B4B31CCB4293} = {30339B37-35E6-3EDC-9E10-B4B31CCB4293}
	EndProjectSection
EndProject
Project("{8BC9CEB8-8B4A-11D0-8D11-00A0C91BC942}") = "triangle-opengles", "examples\triangle-opengles.vcxproj", "{E34D7F07-6269-3A03-BAE6-A43015E0B7DB}"
	ProjectSection(ProjectDependencies) = postProject
		{5E1C7C6E-CE3B-356B-82B2-523290B58988} = {5E1C7C6E-CE3B-356B-82B2-523290B58988}
		{30339B37-35E6-3EDC-9E10-B4B31CCB4293} = {30339B37-35E6-3EDC-9E10-B4B31CCB4293}
	EndProjectSection
EndProject
Project("{8BC9CEB8-8B4A-11D0-8D11-00A0C91BC942}") = "triangle-vulkan", "tests\triangle-vulkan.vcxproj", "{D993B84F-AD9D-37F1-BBDA-15CA61AE79DD}"
	ProjectSection(ProjectDependencies) = postProject
		{5E1C7C6E-CE3B-356B-82B2-523290B58988} = {5E1C7C6E-CE3B-356B-82B2-523290B58988}
		{30339B37-35E6-3EDC-9E10-B4B31CCB4293} = {30339B37-35E6-3EDC-9E10-B4B31CCB4293}
	EndProjectSection
EndProject
Project("{8BC9CEB8-8B4A-11D0-8D11-00A0C91BC942}") = "uninstall", "uninstall.vcxproj", "{114AF9F2-1257-3FC3-9FD0-B1E86E81083E}"
	ProjectSection(ProjectDependencies) = postProject
		{5E1C7C6E-CE3B-356B-82B2-523290B58988} = {5E1C7C6E-CE3B-356B-82B2-523290B58988}
	EndProjectSection
EndProject
Project("{8BC9CEB8-8B4A-11D0-8D11-00A0C91BC942}") = "update_mappings", "src\update_mappings.vcxproj", "{31FB46E5-70A8-300E-B792-FA3900593F79}"
	ProjectSection(ProjectDependencies) = postProject
		{5E1C7C6E-CE3B-356B-82B2-523290B58988} = {5E1C7C6E-CE3B-356B-82B2-523290B58988}
	EndProjectSection
EndProject
Project("{8BC9CEB8-8B4A-11D0-8D11-00A0C91BC942}") = "wave", "examples\wave.vcxproj", "{B3F8F00C-67B2-35BD-8384-3C174CE7D92C}"
	ProjectSection(ProjectDependencies) = postProject
		{5E1C7C6E-CE3B-356B-82B2-523290B58988} = {5E1C7C6E-CE3B-356B-82B2-523290B58988}
		{30339B37-35E6-3EDC-9E10-B4B31CCB4293} = {30339B37-35E6-3EDC-9E10-B4B31CCB4293}
	EndProjectSection
EndProject
Project("{8BC9CEB8-8B4A-11D0-8D11-00A0C91BC942}") = "window", "tests\window.vcxproj", "{8753B9E1-ACD8-3D13-80C2-745C20E6EC76}"
	ProjectSection(ProjectDependencies) = postProject
		{5E1C7C6E-CE3B-356B-82B2-523290B58988} = {5E1C7C6E-CE3B-356B-82B2-523290B58988}
		{30339B37-35E6-3EDC-9E10-B4B31CCB4293} = {30339B37-35E6-3EDC-9E10-B4B31CCB4293}
	EndProjectSection
EndProject
Project("{8BC9CEB8-8B4A-11D0-8D11-00A0C91BC942}") = "windows", "examples\windows.vcxproj", "{A60D9EB3-2AC1-38FC-8072-3846D0992A31}"
	ProjectSection(ProjectDependencies) = postProject
		{5E1C7C6E-CE3B-356B-82B2-523290B58988} = {5E1C7C6E-CE3B-356B-82B2-523290B58988}
		{30339B37-35E6-3EDC-9E10-B4B31CCB4293} = {30339B37-35E6-3EDC-9E10-B4B31CCB4293}
	EndProjectSection
EndProject
Global
	GlobalSection(SolutionConfigurationPlatforms) = preSolution
		Debug|x64 = Debug|x64
		Release|x64 = Release|x64
		MinSizeRel|x64 = MinSizeRel|x64
		RelWithDebInfo|x64 = RelWithDebInfo|x64
	EndGlobalSection
	GlobalSection(ProjectConfigurationPlatforms) = postSolution
		{807B910A-9BA0-3AC3-9D0F-73E67C15FB72}.Debug|x64.ActiveCfg = Debug|x64
		{807B910A-9BA0-3AC3-9D0F-73E67C15FB72}.Debug|x64.Build.0 = Debug|x64
		{807B910A-9BA0-3AC3-9D0F-73E67C15FB72}.Release|x64.ActiveCfg = Release|x64
		{807B910A-9BA0-3AC3-9D0F-73E67C15FB72}.Release|x64.Build.0 = Release|x64
		{807B910A-9BA0-3AC3-9D0F-73E67C15FB72}.MinSizeRel|x64.ActiveCfg = MinSizeRel|x64
		{807B910A-9BA0-3AC3-9D0F-73E67C15FB72}.MinSizeRel|x64.Build.0 = MinSizeRel|x64
		{807B910A-9BA0-3AC3-9D0F-73E67C15FB72}.RelWithDebInfo|x64.ActiveCfg = RelWithDebInfo|x64
		{807B910A-9BA0-3AC3-9D0F-73E67C15FB72}.RelWithDebInfo|x64.Build.0 = RelWithDebInfo|x64
		{14BBDF77-BF4B-3B37-858F-76BA2F0E7F2C}.Debug|x64.ActiveCfg = Debug|x64
		{14BBDF77-BF4B-3B37-858F-76BA2F0E7F2C}.Release|x64.ActiveCfg = Release|x64
		{14BBDF77-BF4B-3B37-858F-76BA2F0E7F2C}.MinSizeRel|x64.ActiveCfg = MinSizeRel|x64
		{14BBDF77-BF4B-3B37-858F-76BA2F0E7F2C}.RelWithDebInfo|x64.ActiveCfg = RelWithDebInfo|x64
		{5E1C7C6E-CE3B-356B-82B2-523290B58988}.Debug|x64.ActiveCfg = Debug|x64
		{5E1C7C6E-CE3B-356B-82B2-523290B58988}.Debug|x64.Build.0 = Debug|x64
		{5E1C7C6E-CE3B-356B-82B2-523290B58988}.Release|x64.ActiveCfg = Release|x64
		{5E1C7C6E-CE3B-356B-82B2-523290B58988}.Release|x64.Build.0 = Release|x64
		{5E1C7C6E-CE3B-356B-82B2-523290B58988}.MinSizeRel|x64.ActiveCfg = MinSizeRel|x64
		{5E1C7C6E-CE3B-356B-82B2-523290B58988}.MinSizeRel|x64.Build.0 = MinSizeRel|x64
		{5E1C7C6E-CE3B-356B-82B2-523290B58988}.RelWithDebInfo|x64.ActiveCfg = RelWithDebInfo|x64
		{5E1C7C6E-CE3B-356B-82B2-523290B58988}.RelWithDebInfo|x64.Build.0 = RelWithDebInfo|x64
		{3F88EB9C-C50B-3244-90C3-FC0C8FC63DFC}.Debug|x64.ActiveCfg = Debug|x64
		{3F88EB9C-C50B-3244-90C3-FC0C8FC63DFC}.Debug|x64.Build.0 = Debug|x64
		{3F88EB9C-C50B-3244-90C3-FC0C8FC63DFC}.Release|x64.ActiveCfg = Release|x64
		{3F88EB9C-C50B-3244-90C3-FC0C8FC63DFC}.Release|x64.Build.0 = Release|x64
		{3F88EB9C-C50B-3244-90C3-FC0C8FC63DFC}.MinSizeRel|x64.ActiveCfg = MinSizeRel|x64
		{3F88EB9C-C50B-3244-90C3-FC0C8FC63DFC}.MinSizeRel|x64.Build.0 = MinSizeRel|x64
		{3F88EB9C-C50B-3244-90C3-FC0C8FC63DFC}.RelWithDebInfo|x64.ActiveCfg = RelWithDebInfo|x64
		{3F88EB9C-C50B-3244-90C3-FC0C8FC63DFC}.RelWithDebInfo|x64.Build.0 = RelWithDebInfo|x64
		{FB9CD958-4247-364C-AF86-CA1ABBB96188}.Debug|x64.ActiveCfg = Debug|x64
		{FB9CD958-4247-364C-AF86-CA1ABBB96188}.Debug|x64.Build.0 = Debug|x64
		{FB9CD958-4247-364C-AF86-CA1ABBB96188}.Release|x64.ActiveCfg = Release|x64
		{FB9CD958-4247-364C-AF86-CA1ABBB96188}.Release|x64.Build.0 = Release|x64
		{FB9CD958-4247-364C-AF86-CA1ABBB96188}.MinSizeRel|x64.ActiveCfg = MinSizeRel|x64
		{FB9CD958-4247-364C-AF86-CA1ABBB96188}.MinSizeRel|x64.Build.0 = MinSizeRel|x64
		{FB9CD958-4247-364C-AF86-CA1ABBB96188}.RelWithDebInfo|x64.ActiveCfg = RelWithDebInfo|x64
		{FB9CD958-4247-364C-AF86-CA1ABBB96188}.RelWithDebInfo|x64.Build.0 = RelWithDebInfo|x64
		{8B7FBACF-9476-359F-BAB3-97F92B42B600}.Debug|x64.ActiveCfg = Debug|x64
		{8B7FBACF-9476-359F-BAB3-97F92B42B600}.Debug|x64.Build.0 = Debug|x64
		{8B7FBACF-9476-359F-BAB3-97F92B42B600}.Release|x64.ActiveCfg = Release|x64
		{8B7FBACF-9476-359F-BAB3-97F92B42B600}.Release|x64.Build.0 = Release|x64
		{8B7FBACF-9476-359F-BAB3-97F92B42B600}.MinSizeRel|x64.ActiveCfg = MinSizeRel|x64
		{8B7FBACF-9476-359F-BAB3-97F92B42B600}.MinSizeRel|x64.Build.0 = MinSizeRel|x64
		{8B7FBACF-9476-359F-BAB3-97F92B42B600}.RelWithDebInfo|x64.ActiveCfg = RelWithDebInfo|x64
		{8B7FBACF-9476-359F-BAB3-97F92B42B600}.RelWithDebInfo|x64.Build.0 = RelWithDebInfo|x64
		{D5E99CC6-D83A-332F-AB29-8F23507B3C84}.Debug|x64.ActiveCfg = Debug|x64
		{D5E99CC6-D83A-332F-AB29-8F23507B3C84}.Debug|x64.Build.0 = Debug|x64
		{D5E99CC6-D83A-332F-AB29-8F23507B3C84}.Release|x64.ActiveCfg = Release|x64
		{D5E99CC6-D83A-332F-AB29-8F23507B3C84}.Release|x64.Build.0 = Release|x64
		{D5E99CC6-D83A-332F-AB29-8F23507B3C84}.MinSizeRel|x64.ActiveCfg = MinSizeRel|x64
		{D5E99CC6-D83A-332F-AB29-8F23507B3C84}.MinSizeRel|x64.Build.0 = MinSizeRel|x64
		{D5E99CC6-D83A-332F-AB29-8F23507B3C84}.RelWithDebInfo|x64.ActiveCfg = RelWithDebInfo|x64
		{D5E99CC6-D83A-332F-AB29-8F23507B3C84}.RelWithDebInfo|x64.Build.0 = RelWithDebInfo|x64
		{8AECF21B-226C-3661-8327-F1CCF7F8BF83}.Debug|x64.ActiveCfg = Debug|x64
		{8AECF21B-226C-3661-8327-F1CCF7F8BF83}.Debug|x64.Build.0 = Debug|x64
		{8AECF21B-226C-3661-8327-F1CCF7F8BF83}.Release|x64.ActiveCfg = Release|x64
		{8AECF21B-226C-3661-8327-F1CCF7F8BF83}.Release|x64.Build.0 = Release|x64
		{8AECF21B-226C-3661-8327-F1CCF7F8BF83}.MinSizeRel|x64.ActiveCfg = MinSizeRel|x64
		{8AECF21B-226C-3661-8327-F1CCF7F8BF83}.MinSizeRel|x64.Build.0 = MinSizeRel|x64
		{8AECF21B-226C-3661-8327-F1CCF7F8BF83}.RelWithDebInfo|x64.ActiveCfg = RelWithDebInfo|x64
		{8AECF21B-226C-3661-8327-F1CCF7F8BF83}.RelWithDebInfo|x64.Build.0 = RelWithDebInfo|x64
		{D04508BB-1843-31D4-874C-120594988E7E}.Debug|x64.ActiveCfg = Debug|x64
		{D04508BB-1843-31D4-874C-120594988E7E}.Debug|x64.Build.0 = Debug|x64
		{D04508BB-1843-31D4-874C-120594988E7E}.Release|x64.ActiveCfg = Release|x64
		{D04508BB-1843-31D4-874C-120594988E7E}.Release|x64.Build.0 = Release|x64
		{D04508BB-1843-31D4-874C-120594988E7E}.MinSizeRel|x64.ActiveCfg = MinSizeRel|x64
		{D04508BB-1843-31D4-874C-120594988E7E}.MinSizeRel|x64.Build.0 = MinSizeRel|x64
		{D04508BB-1843-31D4-874C-120594988E7E}.RelWithDebInfo|x64.ActiveCfg = RelWithDebInfo|x64
		{D04508BB-1843-31D4-874C-120594988E7E}.RelWithDebInfo|x64.Build.0 = RelWithDebInfo|x64
		{A2CB453F-057C-3C34-B2F3-4E9729A29BBF}.Debug|x64.ActiveCfg = Debug|x64
		{A2CB453F-057C-3C34-B2F3-4E9729A29BBF}.Debug|x64.Build.0 = Debug|x64
		{A2CB453F-057C-3C34-B2F3-4E9729A29BBF}.Release|x64.ActiveCfg = Release|x64
		{A2CB453F-057C-3C34-B2F3-4E9729A29BBF}.Release|x64.Build.0 = Release|x64
		{A2CB453F-057C-3C34-B2F3-4E9729A29BBF}.MinSizeRel|x64.ActiveCfg = MinSizeRel|x64
		{A2CB453F-057C-3C34-B2F3-4E9729A29BBF}.MinSizeRel|x64.Build.0 = MinSizeRel|x64
		{A2CB453F-057C-3C34-B2F3-4E9729A29BBF}.RelWithDebInfo|x64.ActiveCfg = RelWithDebInfo|x64
		{A2CB453F-057C-3C34-B2F3-4E9729A29BBF}.RelWithDebInfo|x64.Build.0 = RelWithDebInfo|x64
		{4CEEB2E6-F0BB-3F4C-AE52-B5C46F57C5EC}.Debug|x64.ActiveCfg = Debug|x64
		{4CEEB2E6-F0BB-3F4C-AE52-B5C46F57C5EC}.Debug|x64.Build.0 = Debug|x64
		{4CEEB2E6-F0BB-3F4C-AE52-B5C46F57C5EC}.Release|x64.ActiveCfg = Release|x64
		{4CEEB2E6-F0BB-3F4C-AE52-B5C46F57C5EC}.Release|x64.Build.0 = Release|x64
		{4CEEB2E6-F0BB-3F4C-AE52-B5C46F57C5EC}.MinSizeRel|x64.ActiveCfg = MinSizeRel|x64
		{4CEEB2E6-F0BB-3F4C-AE52-B5C46F57C5EC}.MinSizeRel|x64.Build.0 = MinSizeRel|x64
		{4CEEB2E6-F0BB-3F4C-AE52-B5C46F57C5EC}.RelWithDebInfo|x64.ActiveCfg = RelWithDebInfo|x64
		{4CEEB2E6-F0BB-3F4C-AE52-B5C46F57C5EC}.RelWithDebInfo|x64.Build.0 = RelWithDebInfo|x64
		{30339B37-35E6-3EDC-9E10-B4B31CCB4293}.Debug|x64.ActiveCfg = Debug|x64
		{30339B37-35E6-3EDC-9E10-B4B31CCB4293}.Debug|x64.Build.0 = Debug|x64
		{30339B37-35E6-3EDC-9E10-B4B31CCB4293}.Release|x64.ActiveCfg = Release|x64
		{30339B37-35E6-3EDC-9E10-B4B31CCB4293}.Release|x64.Build.0 = Release|x64
		{30339B37-35E6-3EDC-9E10-B4B31CCB4293}.MinSizeRel|x64.ActiveCfg = MinSizeRel|x64
		{30339B37-35E6-3EDC-9E10-B4B31CCB4293}.MinSizeRel|x64.Build.0 = MinSizeRel|x64
		{30339B37-35E6-3EDC-9E10-B4B31CCB4293}.RelWithDebInfo|x64.ActiveCfg = RelWithDebInfo|x64
		{30339B37-35E6-3EDC-9E10-B4B31CCB4293}.RelWithDebInfo|x64.Build.0 = RelWithDebInfo|x64
		{DB41D195-5A9E-33CA-B560-6F705A9780ED}.Debug|x64.ActiveCfg = Debug|x64
		{DB41D195-5A9E-33CA-B560-6F705A9780ED}.Debug|x64.Build.0 = Debug|x64
		{DB41D195-5A9E-33CA-B560-6F705A9780ED}.Release|x64.ActiveCfg = Release|x64
		{DB41D195-5A9E-33CA-B560-6F705A9780ED}.Release|x64.Build.0 = Release|x64
		{DB41D195-5A9E-33CA-B560-6F705A9780ED}.MinSizeRel|x64.ActiveCfg = MinSizeRel|x64
		{DB41D195-5A9E-33CA-B560-6F705A9780ED}.MinSizeRel|x64.Build.0 = MinSizeRel|x64
		{DB41D195-5A9E-33CA-B560-6F705A9780ED}.RelWithDebInfo|x64.ActiveCfg = RelWithDebInfo|x64
		{DB41D195-5A9E-33CA-B560-6F705A9780ED}.RelWithDebInfo|x64.Build.0 = RelWithDebInfo|x64
		{BD8E418E-7E2B-374C-AD82-0350D13224E9}.Debug|x64.ActiveCfg = Debug|x64
		{BD8E418E-7E2B-374C-AD82-0350D13224E9}.Debug|x64.Build.0 = Debug|x64
		{BD8E418E-7E2B-374C-AD82-0350D13224E9}.Release|x64.ActiveCfg = Release|x64
		{BD8E418E-7E2B-374C-AD82-0350D13224E9}.Release|x64.Build.0 = Release|x64
		{BD8E418E-7E2B-374C-AD82-0350D13224E9}.MinSizeRel|x64.ActiveCfg = MinSizeRel|x64
		{BD8E418E-7E2B-374C-AD82-0350D13224E9}.MinSizeRel|x64.Build.0 = MinSizeRel|x64
		{BD8E418E-7E2B-374C-AD82-0350D13224E9}.RelWithDebInfo|x64.ActiveCfg = RelWithDebInfo|x64
		{BD8E418E-7E2B-374C-AD82-0350D13224E9}.RelWithDebInfo|x64.Build.0 = RelWithDebInfo|x64
		{F59C1EA8-CF78-3BC4-B937-96079812174F}.Debug|x64.ActiveCfg = Debug|x64
		{F59C1EA8-CF78-3BC4-B937-96079812174F}.Debug|x64.Build.0 = Debug|x64
		{F59C1EA8-CF78-3BC4-B937-96079812174F}.Release|x64.ActiveCfg = Release|x64
		{F59C1EA8-CF78-3BC4-B937-96079812174F}.Release|x64.Build.0 = Release|x64
		{F59C1EA8-CF78-3BC4-B937-96079812174F}.MinSizeRel|x64.ActiveCfg = MinSizeRel|x64
		{F59C1EA8-CF78-3BC4-B937-96079812174F}.MinSizeRel|x64.Build.0 = MinSizeRel|x64
		{F59C1EA8-CF78-3BC4-B937-96079812174F}.RelWithDebInfo|x64.ActiveCfg = RelWithDebInfo|x64
		{F59C1EA8-CF78-3BC4-B937-96079812174F}.RelWithDebInfo|x64.Build.0 = RelWithDebInfo|x64
		{65CFD5B5-5C05-3E71-BC6C-5FA336CB2030}.Debug|x64.ActiveCfg = Debug|x64
		{65CFD5B5-5C05-3E71-BC6C-5FA336CB2030}.Debug|x64.Build.0 = Debug|x64
		{65CFD5B5-5C05-3E71-BC6C-5FA336CB2030}.Release|x64.ActiveCfg = Release|x64
		{65CFD5B5-5C05-3E71-BC6C-5FA336CB2030}.Release|x64.Build.0 = Release|x64
		{65CFD5B5-5C05-3E71-BC6C-5FA336CB2030}.MinSizeRel|x64.ActiveCfg = MinSizeRel|x64
		{65CFD5B5-5C05-3E71-BC6C-5FA336CB2030}.MinSizeRel|x64.Build.0 = MinSizeRel|x64
		{65CFD5B5-5C05-3E71-BC6C-5FA336CB2030}.RelWithDebInfo|x64.ActiveCfg = RelWithDebInfo|x64
		{65CFD5B5-5C05-3E71-BC6C-5FA336CB2030}.RelWithDebInfo|x64.Build.0 = RelWithDebInfo|x64
		{E49192ED-88A2-3E43-B93A-2F359674D613}.Debug|x64.ActiveCfg = Debug|x64
		{E49192ED-88A2-3E43-B93A-2F359674D613}.Debug|x64.Build.0 = Debug|x64
		{E49192ED-88A2-3E43-B93A-2F359674D613}.Release|x64.ActiveCfg = Release|x64
		{E49192ED-88A2-3E43-B93A-2F359674D613}.Release|x64.Build.0 = Release|x64
		{E49192ED-88A2-3E43-B93A-2F359674D613}.MinSizeRel|x64.ActiveCfg = MinSizeRel|x64
		{E49192ED-88A2-3E43-B93A-2F359674D613}.MinSizeRel|x64.Build.0 = MinSizeRel|x64
		{E49192ED-88A2-3E43-B93A-2F359674D613}.RelWithDebInfo|x64.ActiveCfg = RelWithDebInfo|x64
		{E49192ED-88A2-3E43-B93A-2F359674D613}.RelWithDebInfo|x64.Build.0 = RelWithDebInfo|x64
		{99546AAB-4A6E-35F5-8FA6-B91B6383AB4C}.Debug|x64.ActiveCfg = Debug|x64
		{99546AAB-4A6E-35F5-8FA6-B91B6383AB4C}.Debug|x64.Build.0 = Debug|x64
		{99546AAB-4A6E-35F5-8FA6-B91B6383AB4C}.Release|x64.ActiveCfg = Release|x64
		{99546AAB-4A6E-35F5-8FA6-B91B6383AB4C}.Release|x64.Build.0 = Release|x64
		{99546AAB-4A6E-35F5-8FA6-B91B6383AB4C}.MinSizeRel|x64.ActiveCfg = MinSizeRel|x64
		{99546AAB-4A6E-35F5-8FA6-B91B6383AB4C}.MinSizeRel|x64.Build.0 = MinSizeRel|x64
		{99546AAB-4A6E-35F5-8FA6-B91B6383AB4C}.RelWithDebInfo|x64.ActiveCfg = RelWithDebInfo|x64
		{99546AAB-4A6E-35F5-8FA6-B91B6383AB4C}.RelWithDebInfo|x64.Build.0 = RelWithDebInfo|x64
		{C87122D0-8270-322E-B989-414141FD16B7}.Debug|x64.ActiveCfg = Debug|x64
		{C87122D0-8270-322E-B989-414141FD16B7}.Debug|x64.Build.0 = Debug|x64
		{C87122D0-8270-322E-B989-414141FD16B7}.Release|x64.ActiveCfg = Release|x64
		{C87122D0-8270-322E-B989-414141FD16B7}.Release|x64.Build.0 = Release|x64
		{C87122D0-8270-322E-B989-414141FD16B7}.MinSizeRel|x64.ActiveCfg = MinSizeRel|x64
		{C87122D0-8270-322E-B989-414141FD16B7}.MinSizeRel|x64.Build.0 = MinSizeRel|x64
		{C87122D0-8270-322E-B989-414141FD16B7}.RelWithDebInfo|x64.ActiveCfg = RelWithDebInfo|x64
		{C87122D0-8270-322E-B989-414141FD16B7}.RelWithDebInfo|x64.Build.0 = RelWithDebInfo|x64
		{A5366B49-BF62-3A8D-BE5F-D60BF8F9DAE2}.Debug|x64.ActiveCfg = Debug|x64
		{A5366B49-BF62-3A8D-BE5F-D60BF8F9DAE2}.Debug|x64.Build.0 = Debug|x64
		{A5366B49-BF62-3A8D-BE5F-D60BF8F9DAE2}.Release|x64.ActiveCfg = Release|x64
		{A5366B49-BF62-3A8D-BE5F-D60BF8F9DAE2}.Release|x64.Build.0 = Release|x64
		{A5366B49-BF62-3A8D-BE5F-D60BF8F9DAE2}.MinSizeRel|x64.ActiveCfg = MinSizeRel|x64
		{A5366B49-BF62-3A8D-BE5F-D60BF8F9DAE2}.MinSizeRel|x64.Build.0 = MinSizeRel|x64
		{A5366B49-BF62-3A8D-BE5F-D60BF8F9DAE2}.RelWithDebInfo|x64.ActiveCfg = RelWithDebInfo|x64
		{A5366B49-BF62-3A8D-BE5F-D60BF8F9DAE2}.RelWithDebInfo|x64.Build.0 = RelWithDebInfo|x64
		{593A7C7B-BA78-3F69-8774-E3467E904057}.Debug|x64.ActiveCfg = Debug|x64
		{593A7C7B-BA78-3F69-8774-E3467E904057}.Debug|x64.Build.0 = Debug|x64
		{593A7C7B-BA78-3F69-8774-E3467E904057}.Release|x64.ActiveCfg = Release|x64
		{593A7C7B-BA78-3F69-8774-E3467E904057}.Release|x64.Build.0 = Release|x64
		{593A7C7B-BA78-3F69-8774-E3467E904057}.MinSizeRel|x64.ActiveCfg = MinSizeRel|x64
		{593A7C7B-BA78-3F69-8774-E3467E904057}.MinSizeRel|x64.Build.0 = MinSizeRel|x64
		{593A7C7B-BA78-3F69-8774-E3467E904057}.RelWithDebInfo|x64.ActiveCfg = RelWithDebInfo|x64
		{593A7C7B-BA78-3F69-8774-E3467E904057}.RelWithDebInfo|x64.Build.0 = RelWithDebInfo|x64
		{EF8DEDBD-FDBC-3F6A-AA82-A45F95B62A9E}.Debug|x64.ActiveCfg = Debug|x64
		{EF8DEDBD-FDBC-3F6A-AA82-A45F95B62A9E}.Debug|x64.Build.0 = Debug|x64
		{EF8DEDBD-FDBC-3F6A-AA82-A45F95B62A9E}.Release|x64.ActiveCfg = Release|x64
		{EF8DEDBD-FDBC-3F6A-AA82-A45F95B62A9E}.Release|x64.Build.0 = Release|x64
		{EF8DEDBD-FDBC-3F6A-AA82-A45F95B62A9E}.MinSizeRel|x64.ActiveCfg = MinSizeRel|x64
		{EF8DEDBD-FDBC-3F6A-AA82-A45F95B62A9E}.MinSizeRel|x64.Build.0 = MinSizeRel|x64
		{EF8DEDBD-FDBC-3F6A-AA82-A45F95B62A9E}.RelWithDebInfo|x64.ActiveCfg = RelWithDebInfo|x64
		{EF8DEDBD-FDBC-3F6A-AA82-A45F95B62A9E}.RelWithDebInfo|x64.Build.0 = RelWithDebInfo|x64
		{A8FB6BD3-6CCE-3C2A-B9DE-CEE3D838E0AA}.Debug|x64.ActiveCfg = Debug|x64
		{A8FB6BD3-6CCE-3C2A-B9DE-CEE3D838E0AA}.Debug|x64.Build.0 = Debug|x64
		{A8FB6BD3-6CCE-3C2A-B9DE-CEE3D838E0AA}.Release|x64.ActiveCfg = Release|x64
		{A8FB6BD3-6CCE-3C2A-B9DE-CEE3D838E0AA}.Release|x64.Build.0 = Release|x64
		{A8FB6BD3-6CCE-3C2A-B9DE-CEE3D838E0AA}.MinSizeRel|x64.ActiveCfg = MinSizeRel|x64
		{A8FB6BD3-6CCE-3C2A-B9DE-CEE3D838E0AA}.MinSizeRel|x64.Build.0 = MinSizeRel|x64
		{A8FB6BD3-6CCE-3C2A-B9DE-CEE3D838E0AA}.RelWithDebInfo|x64.ActiveCfg = RelWithDebInfo|x64
		{A8FB6BD3-6CCE-3C2A-B9DE-CEE3D838E0AA}.RelWithDebInfo|x64.Build.0 = RelWithDebInfo|x64
		{136C201B-8C21-3F55-93CE-333E1B6FCF06}.Debug|x64.ActiveCfg = Debug|x64
		{136C201B-8C21-3F55-93CE-333E1B6FCF06}.Debug|x64.Build.0 = Debug|x64
		{136C201B-8C21-3F55-93CE-333E1B6FCF06}.Release|x64.ActiveCfg = Release|x64
		{136C201B-8C21-3F55-93CE-333E1B6FCF06}.Release|x64.Build.0 = Release|x64
		{136C201B-8C21-3F55-93CE-333E1B6FCF06}.MinSizeRel|x64.ActiveCfg = MinSizeRel|x64
		{136C201B-8C21-3F55-93CE-333E1B6FCF06}.MinSizeRel|x64.Build.0 = MinSizeRel|x64
		{136C201B-8C21-3F55-93CE-333E1B6FCF06}.RelWithDebInfo|x64.ActiveCfg = RelWithDebInfo|x64
		{136C201B-8C21-3F55-93CE-333E1B6FCF06}.RelWithDebInfo|x64.Build.0 = RelWithDebInfo|x64
		{B84FAEC2-79DC-3ABE-A5E8-C4A6C35A40E1}.Debug|x64.ActiveCfg = Debug|x64
		{B84FAEC2-79DC-3ABE-A5E8-C4A6C35A40E1}.Debug|x64.Build.0 = Debug|x64
		{B84FAEC2-79DC-3ABE-A5E8-C4A6C35A40E1}.Release|x64.ActiveCfg = Release|x64
		{B84FAEC2-79DC-3ABE-A5E8-C4A6C35A40E1}.Release|x64.Build.0 = Release|x64
		{B84FAEC2-79DC-3ABE-A5E8-C4A6C35A40E1}.MinSizeRel|x64.ActiveCfg = MinSizeRel|x64
		{B84FAEC2-79DC-3ABE-A5E8-C4A6C35A40E1}.MinSizeRel|x64.Build.0 = MinSizeRel|x64
		{B84FAEC2-79DC-3ABE-A5E8-C4A6C35A40E1}.RelWithDebInfo|x64.ActiveCfg = RelWithDebInfo|x64
		{B84FAEC2-79DC-3ABE-A5E8-C4A6C35A40E1}.RelWithDebInfo|x64.Build.0 = RelWithDebInfo|x64
		{F97F332C-AF1A-3173-8BF5-8B89804BC4F7}.Debug|x64.ActiveCfg = Debug|x64
		{F97F332C-AF1A-3173-8BF5-8B89804BC4F7}.Debug|x64.Build.0 = Debug|x64
		{F97F332C-AF1A-3173-8BF5-8B89804BC4F7}.Release|x64.ActiveCfg = Release|x64
		{F97F332C-AF1A-3173-8BF5-8B89804BC4F7}.Release|x64.Build.0 = Release|x64
		{F97F332C-AF1A-3173-8BF5-8B89804BC4F7}.MinSizeRel|x64.ActiveCfg = MinSizeRel|x64
		{F97F332C-AF1A-3173-8BF5-8B89804BC4F7}.MinSizeRel|x64.Build.0 = MinSizeRel|x64
		{F97F332C-AF1A-3173-8BF5-8B89804BC4F7}.RelWithDebInfo|x64.ActiveCfg = RelWithDebInfo|x64
		{F97F332C-AF1A-3173-8BF5-8B89804BC4F7}.RelWithDebInfo|x64.Build.0 = RelWithDebInfo|x64
		{25B22A71-F3A6-3936-8E61-D52FA1722C97}.Debug|x64.ActiveCfg = Debug|x64
		{25B22A71-F3A6-3936-8E61-D52FA1722C97}.Debug|x64.Build.0 = Debug|x64
		{25B22A71-F3A6-3936-8E61-D52FA1722C97}.Release|x64.ActiveCfg = Release|x64
		{25B22A71-F3A6-3936-8E61-D52FA1722C97}.Release|x64.Build.0 = Release|x64
		{25B22A71-F3A6-3936-8E61-D52FA1722C97}.MinSizeRel|x64.ActiveCfg = MinSizeRel|x64
		{25B22A71-F3A6-3936-8E61-D52FA1722C97}.MinSizeRel|x64.Build.0 = MinSizeRel|x64
		{25B22A71-F3A6-3936-8E61-D52FA1722C97}.RelWithDebInfo|x64.ActiveCfg = RelWithDebInfo|x64
		{25B22A71-F3A6-3936-8E61-D52FA1722C97}.RelWithDebInfo|x64.Build.0 = RelWithDebInfo|x64
		{5EA47ADC-A00B-38C9-A241-1F60EC654F88}.Debug|x64.ActiveCfg = Debug|x64
		{5EA47ADC-A00B-38C9-A241-1F60EC654F88}.Debug|x64.Build.0 = Debug|x64
		{5EA47ADC-A00B-38C9-A241-1F60EC654F88}.Release|x64.ActiveCfg = Release|x64
		{5EA47ADC-A00B-38C9-A241-1F60EC654F88}.Release|x64.Build.0 = Release|x64
		{5EA47ADC-A00B-38C9-A241-1F60EC654F88}.MinSizeRel|x64.ActiveCfg = MinSizeRel|x64
		{5EA47ADC-A00B-38C9-A241-1F60EC654F88}.MinSizeRel|x64.Build.0 = MinSizeRel|x64
		{5EA47ADC-A00B-38C9-A241-1F60EC654F88}.RelWithDebInfo|x64.ActiveCfg = RelWithDebInfo|x64
		{5EA47ADC-A00B-38C9-A241-1F60EC654F88}.RelWithDebInfo|x64.Build.0 = RelWithDebInfo|x64
		{4EB5BA34-0C43-31CA-9369-E3DD683485CA}.Debug|x64.ActiveCfg = Debug|x64
		{4EB5BA34-0C43-31CA-9369-E3DD683485CA}.Debug|x64.Build.0 = Debug|x64
		{4EB5BA34-0C43-31CA-9369-E3DD683485CA}.Release|x64.ActiveCfg = Release|x64
		{4EB5BA34-0C43-31CA-9369-E3DD683485CA}.Release|x64.Build.0 = Release|x64
		{4EB5BA34-0C43-31CA-9369-E3DD683485CA}.MinSizeRel|x64.ActiveCfg = MinSizeRel|x64
		{4EB5BA34-0C43-31CA-9369-E3DD683485CA}.MinSizeRel|x64.Build.0 = MinSizeRel|x64
		{4EB5BA34-0C43-31CA-9369-E3DD683485CA}.RelWithDebInfo|x64.ActiveCfg = RelWithDebInfo|x64
		{4EB5BA34-0C43-31CA-9369-E3DD683485CA}.RelWithDebInfo|x64.Build.0 = RelWithDebInfo|x64
		{1D152612-985C-33DA-9CB7-EC85E073D254}.Debug|x64.ActiveCfg = Debug|x64
		{1D152612-985C-33DA-9CB7-EC85E073D254}.Debug|x64.Build.0 = Debug|x64
		{1D152612-985C-33DA-9CB7-EC85E073D254}.Release|x64.ActiveCfg = Release|x64
		{1D152612-985C-33DA-9CB7-EC85E073D254}.Release|x64.Build.0 = Release|x64
		{1D152612-985C-33DA-9CB7-EC85E073D254}.MinSizeRel|x64.ActiveCfg = MinSizeRel|x64
		{1D152612-985C-33DA-9CB7-EC85E073D254}.MinSizeRel|x64.Build.0 = MinSizeRel|x64
		{1D152612-985C-33DA-9CB7-EC85E073D254}.RelWithDebInfo|x64.ActiveCfg = RelWithDebInfo|x64
		{1D152612-985C-33DA-9CB7-EC85E073D254}.RelWithDebInfo|x64.Build.0 = RelWithDebInfo|x64
		{E34D7F07-6269-3A03-BAE6-A43015E0B7DB}.Debug|x64.ActiveCfg = Debug|x64
		{E34D7F07-6269-3A03-BAE6-A43015E0B7DB}.Debug|x64.Build.0 = Debug|x64
		{E34D7F07-6269-3A03-BAE6-A43015E0B7DB}.Release|x64.ActiveCfg = Release|x64
		{E34D7F07-6269-3A03-BAE6-A43015E0B7DB}.Release|x64.Build.0 = Release|x64
		{E34D7F07-6269-3A03-BAE6-A43015E0B7DB}.MinSizeRel|x64.ActiveCfg = MinSizeRel|x64
		{E34D7F07-6269-3A03-BAE6-A43015E0B7DB}.MinSizeRel|x64.Build.0 = MinSizeRel|x64
		{E34D7F07-6269-3A03-BAE6-A43015E0B7DB}.RelWithDebInfo|x64.ActiveCfg = RelWithDebInfo|x64
		{E34D7F07-6269-3A03-BAE6-A43015E0B7DB}.RelWithDebInfo|x64.Build.0 = RelWithDebInfo|x64
		{D993B84F-AD9D-37F1-BBDA-15CA61AE79DD}.Debug|x64.ActiveCfg = Debug|x64
		{D993B84F-AD9D-37F1-BBDA-15CA61AE79DD}.Debug|x64.Build.0 = Debug|x64
		{D993B84F-AD9D-37F1-BBDA-15CA61AE79DD}.Release|x64.ActiveCfg = Release|x64
		{D993B84F-AD9D-37F1-BBDA-15CA61AE79DD}.Release|x64.Build.0 = Release|x64
		{D993B84F-AD9D-37F1-BBDA-15CA61AE79DD}.MinSizeRel|x64.ActiveCfg = MinSizeRel|x64
		{D993B84F-AD9D-37F1-BBDA-15CA61AE79DD}.MinSizeRel|x64.Build.0 = MinSizeRel|x64
		{D993B84F-AD9D-37F1-BBDA-15CA61AE79DD}.RelWithDebInfo|x64.ActiveCfg = RelWithDebInfo|x64
		{D993B84F-AD9D-37F1-BBDA-15CA61AE79DD}.RelWithDebInfo|x64.Build.0 = RelWithDebInfo|x64
		{114AF9F2-1257-3FC3-9FD0-B1E86E81083E}.Debug|x64.ActiveCfg = Debug|x64
		{114AF9F2-1257-3FC3-9FD0-B1E86E81083E}.Release|x64.ActiveCfg = Release|x64
		{114AF9F2-1257-3FC3-9FD0-B1E86E81083E}.MinSizeRel|x64.ActiveCfg = MinSizeRel|x64
		{114AF9F2-1257-3FC3-9FD0-B1E86E81083E}.RelWithDebInfo|x64.ActiveCfg = RelWithDebInfo|x64
		{31FB46E5-70A8-300E-B792-FA3900593F79}.Debug|x64.ActiveCfg = Debug|x64
		{31FB46E5-70A8-300E-B792-FA3900593F79}.Release|x64.ActiveCfg = Release|x64
		{31FB46E5-70A8-300E-B792-FA3900593F79}.MinSizeRel|x64.ActiveCfg = MinSizeRel|x64
		{31FB46E5-70A8-300E-B792-FA3900593F79}.RelWithDebInfo|x64.ActiveCfg = RelWithDebInfo|x64
		{B3F8F00C-67B2-35BD-8384-3C174CE7D92C}.Debug|x64.ActiveCfg = Debug|x64
		{B3F8F00C-67B2-35BD-8384-3C174CE7D92C}.Debug|x64.Build.0 = Debug|x64
		{B3F8F00C-67B2-35BD-8384-3C174CE7D92C}.Release|x64.ActiveCfg = Release|x64
		{B3F8F00C-67B2-35BD-8384-3C174CE7D92C}.Release|x64.Build.0 = Release|x64
		{B3F8F00C-67B2-35BD-8384-3C174CE7D92C}.MinSizeRel|x64.ActiveCfg = MinSizeRel|x64
		{B3F8F00C-67B2-35BD-8384-3C174CE7D92C}.MinSizeRel|x64.Build.0 = MinSizeRel|x64
		{B3F8F00C-67B2-35BD-8384-3C174CE7D92C}.RelWithDebInfo|x64.ActiveCfg = RelWithDebInfo|x64
		{B3F8F00C-67B2-35BD-8384-3C174CE7D92C}.RelWithDebInfo|x64.Build.0 = RelWithDebInfo|x64
		{8753B9E1-ACD8-3D13-80C2-745C20E6EC76}.Debug|x64.ActiveCfg = Debug|x64
		{8753B9E1-ACD8-3D13-80C2-745C20E6EC76}.Debug|x64.Build.0 = Debug|x64
		{8753B9E1-ACD8-3D13-80C2-745C20E6EC76}.Release|x64.ActiveCfg = Release|x64
		{8753B9E1-ACD8-3D13-80C2-745C20E6EC76}.Release|x64.Build.0 = Release|x64
		{8753B9E1-ACD8-3D13-80C2-745C20E6EC76}.MinSizeRel|x64.ActiveCfg = MinSizeRel|x64
		{8753B9E1-ACD8-3D13-80C2-745C20E6EC76}.MinSizeRel|x64.Build.0 = MinSizeRel|x64
		{8753B9E1-ACD8-3D13-80C2-745C20E6EC76}.RelWithDebInfo|x64.ActiveCfg = RelWithDebInfo|x64
		{8753B9E1-ACD8-3D13-80C2-745C20E6EC76}.RelWithDebInfo|x64.Build.0 = RelWithDebInfo|x64
		{A60D9EB3-2AC1-38FC-8072-3846D0992A31}.Debug|x64.ActiveCfg = Debug|x64
		{A60D9EB3-2AC1-38FC-8072-3846D0992A31}.Debug|x64.Build.0 = Debug|x64
		{A60D9EB3-2AC1-38FC-8072-3846D0992A31}.Release|x64.ActiveCfg = Release|x64
		{A60D9EB3-2AC1-38FC-8072-3846D0992A31}.Release|x64.Build.0 = Release|x64
		{A60D9EB3-2AC1-38FC-8072-3846D0992A31}.MinSizeRel|x64.ActiveCfg = MinSizeRel|x64
		{A60D9EB3-2AC1-38FC-8072-3846D0992A31}.MinSizeRel|x64.Build.0 = MinSizeRel|x64
		{A60D9EB3-2AC1-38FC-8072-3846D0992A31}.RelWithDebInfo|x64.ActiveCfg = RelWithDebInfo|x64
		{A60D9EB3-2AC1-38FC-8072-3846D0992A31}.RelWithDebInfo|x64.Build.0 = RelWithDebInfo|x64
	EndGlobalSection
	GlobalSection(NestedProjects) = preSolution
		{807B910A-9BA0-3AC3-9D0F-73E67C15FB72} = {15F5629B-DA09-3AC7-A016-957D17AB2A98}
		{14BBDF77-BF4B-3B37-858F-76BA2F0E7F2C} = {15F5629B-DA09-3AC7-A016-957D17AB2A98}
		{5E1C7C6E-CE3B-356B-82B2-523290B58988} = {15F5629B-DA09-3AC7-A016-957D17AB2A98}
		{21CD8837-D9ED-3438-B138-3C60E6494607} = {CE0A38F6-B4C7-3CE1-B670-19974C15B4C3}
		{04D562D3-0C72-3A1E-B2AD-5226B0DA9C94} = {CE0A38F6-B4C7-3CE1-B670-19974C15B4C3}
		{30339B37-35E6-3EDC-9E10-B4B31CCB4293} = {CE0A38F6-B4C7-3CE1-B670-19974C15B4C3}
		{114AF9F2-1257-3FC3-9FD0-B1E86E81083E} = {CE0A38F6-B4C7-3CE1-B670-19974C15B4C3}
		{31FB46E5-70A8-300E-B792-FA3900593F79} = {CE0A38F6-B4C7-3CE1-B670-19974C15B4C3}
		{FB9CD958-4247-364C-AF86-CA1ABBB96188} = {21CD8837-D9ED-3438-B138-3C60E6494607}
		{4CEEB2E6-F0BB-3F4C-AE52-B5C46F57C5EC} = {21CD8837-D9ED-3438-B138-3C60E6494607}
		{BD8E418E-7E2B-374C-AD82-0350D13224E9} = {21CD8837-D9ED-3438-B138-3C60E6494607}
		{593A7C7B-BA78-3F69-8774-E3467E904057} = {21CD8837-D9ED-3438-B138-3C60E6494607}
		{EF8DEDBD-FDBC-3F6A-AA82-A45F95B62A9E} = {21CD8837-D9ED-3438-B138-3C60E6494607}
		{136C201B-8C21-3F55-93CE-333E1B6FCF06} = {21CD8837-D9ED-3438-B138-3C60E6494607}
		{B84FAEC2-79DC-3ABE-A5E8-C4A6C35A40E1} = {21CD8837-D9ED-3438-B138-3C60E6494607}
		{1D152612-985C-33DA-9CB7-EC85E073D254} = {21CD8837-D9ED-3438-B138-3C60E6494607}
		{E34D7F07-6269-3A03-BAE6-A43015E0B7DB} = {21CD8837-D9ED-3438-B138-3C60E6494607}
		{B3F8F00C-67B2-35BD-8384-3C174CE7D92C} = {21CD8837-D9ED-3438-B138-3C60E6494607}
		{A60D9EB3-2AC1-38FC-8072-3846D0992A31} = {21CD8837-D9ED-3438-B138-3C60E6494607}
		{3F88EB9C-C50B-3244-90C3-FC0C8FC63DFC} = {04D562D3-0C72-3A1E-B2AD-5226B0DA9C94}
		{8B7FBACF-9476-359F-BAB3-97F92B42B600} = {04D562D3-0C72-3A1E-B2AD-5226B0DA9C94}
		{D5E99CC6-D83A-332F-AB29-8F23507B3C84} = {04D562D3-0C72-3A1E-B2AD-5226B0DA9C94}
		{8AECF21B-226C-3661-8327-F1CCF7F8BF83} = {04D562D3-0C72-3A1E-B2AD-5226B0DA9C94}
		{D04508BB-1843-31D4-874C-120594988E7E} = {04D562D3-0C72-3A1E-B2AD-5226B0DA9C94}
		{A2CB453F-057C-3C34-B2F3-4E9729A29BBF} = {04D562D3-0C72-3A1E-B2AD-5226B0DA9C94}
		{DB41D195-5A9E-33CA-B560-6F705A9780ED} = {04D562D3-0C72-3A1E-B2AD-5226B0DA9C94}
		{F59C1EA8-CF78-3BC4-B937-96079812174F} = {04D562D3-0C72-3A1E-B2AD-5226B0DA9C94}
		{65CFD5B5-5C05-3E71-BC6C-5FA336CB2030} = {04D562D3-0C72-3A1E-B2AD-5226B0DA9C94}
		{E49192ED-88A2-3E43-B93A-2F359674D613} = {04D562D3-0C72-3A1E-B2AD-5226B0DA9C94}
		{99546AAB-4A6E-35F5-8FA6-B91B6383AB4C} = {04D562D3-0C72-3A1E-B2AD-5226B0DA9C94}
		{C87122D0-8270-322E-B989-414141FD16B7} = {04D562D3-0C72-3A1E-B2AD-5226B0DA9C94}
		{A5366B49-BF62-3A8D-BE5F-D60BF8F9DAE2} = {04D562D3-0C72-3A1E-B2AD-5226B0DA9C94}
		{A8FB6BD3-6CCE-3C2A-B9DE-CEE3D838E0AA} = {04D562D3-0C72-3A1E-B2AD-5226B0DA9C94}
		{F97F332C-AF1A-3173-8BF5-8B89804BC4F7} = {04D562D3-0C72-3A1E-B2AD-5226B0DA9C94}
		{25B22A71-F3A6-3936-8E61-D52FA1722C97} = {04D562D3-0C72-3A1E-B2AD-5226B0DA9C94}
		{5EA47ADC-A00B-38C9-A241-1F60EC654F88} = {04D562D3-0C72-3A1E-B2AD-5226B0DA9C94}
		{4EB5BA34-0C43-31CA-9369-E3DD683485CA} = {04D562D3-0C72-3A1E-B2AD-5226B0DA9C94}
		{D993B84F-AD9D-37F1-BBDA-15CA61AE79DD} = {04D562D3-0C72-3A1E-B2AD-5226B0DA9C94}
		{8753B9E1-ACD8-3D13-80C2-745C20E6EC76} = {04D562D3-0C72-3A1E-B2AD-5226B0DA9C94}
	EndGlobalSection
	GlobalSection(ExtensibilityGlobals) = postSolution
		SolutionGuid = {3C39F23F-8EA3-3A2E-B4B6-66933695672D}
	EndGlobalSection
	GlobalSection(ExtensibilityAddIns) = postSolution
	EndGlobalSection
EndGlobal
