<?xml version="1.0" encoding="utf-8"?>
<Project ToolsVersion="17.0" xmlns="http://schemas.microsoft.com/developer/msbuild/2003">
  <ItemGroup>
    <CustomBuild Include="D:\CompuGrafica\GLAD\glfw-3.4\CMakeFiles\5b6571b5197d9344a11b13352853b83c\update_mappings.rule">
      <Filter>CMake Rules</Filter>
    </CustomBuild>
    <CustomBuild Include="D:\CompuGrafica\GLAD\glfw-3.4\src\CMakeLists.txt" />
  </ItemGroup>
  <ItemGroup>
    <None Include="D:\CompuGrafica\GLAD\glfw-3.4\src\mappings.h.in">
      <Filter>Header Files</Filter>
    </None>
    <None Include="D:\CompuGrafica\GLAD\glfw-3.4\CMake\GenerateMappings.cmake" />
    <None Include="D:\CompuGrafica\GLAD\glfw-3.4\src\CMakeFiles\update_mappings" />
  </ItemGroup>
  <ItemGroup>
    <Filter Include="CMake Rules">
      <UniqueIdentifier>{B38267E2-209A-32B6-8A47-B72368DFAEDA}</UniqueIdentifier>
    </Filter>
    <Filter Include="Header Files">
      <UniqueIdentifier>{DC538403-1BFB-315A-A7AB-A360A8DB1A1C}</UniqueIdentifier>
    </Filter>
  </ItemGroup>
</Project>
